# THIS IS AN AUTOGENERATED FILE. DO NOT EDIT THIS FILE DIRECTLY.
# yarn lockfile v1


randomcolor@^0.5.4:
  version "0.5.4"
  resolved "https://registry.yarnpkg.com/randomcolor/-/randomcolor-0.5.4.tgz#df615b13f25b89ea58c5f8f72647f0a6f07adcc3"
  integrity sha512-nYd4nmTuuwMFzHL6W+UWR5fNERGZeVauho8mrJDUSXdNDbao4rbrUwhuLgKC/j8VCS5+34Ria8CsTDuBjrIrQA==
